Microsoft Visual Studio Solution File, Format Version 12.00
# Visual Studio Version 17
VisualStudioVersion = 17.10.35013.160
MinimumVisualStudioVersion = 10.0.40219.1
Project("{FAE04EC0-301F-11D3-BF4B-00C04F79EFBC}") = "SISWin", "SISWin\SISWin.csproj", "{271464F2-04D4-4B51-B3DB-EDE0274EDCFC}"
EndProject
Global
	GlobalSection(SolutionConfigurationPlatforms) = preSolution
		Debug|Any CPU = Debug|Any CPU
		Release|Any CPU = Release|Any CPU
	EndGlobalSection
	GlobalSection(ProjectConfigurationPlatforms) = postSolution
		{271464F2-04D4-4B51-B3DB-EDE0274EDCFC}.Debug|Any CPU.ActiveCfg = Debug|Any CPU
		{271464F2-04D4-4B51-B3DB-EDE0274EDCFC}.Debug|Any CPU.Build.0 = Debug|Any CPU
		{271464F2-04D4-4B51-B3DB-EDE0274EDCFC}.Release|Any CPU.ActiveCfg = Release|Any CPU
		{271464F2-04D4-4B51-B3DB-EDE0274EDCFC}.Release|Any CPU.Build.0 = Release|Any CPU
	EndGlobalSection
	GlobalSection(SolutionProperties) = preSolution
		HideSolutionNode = FALSE
	EndGlobalSection
	GlobalSection(ExtensibilityGlobals) = postSolution
		SolutionGuid = {875EB12A-A0BA-47CF-885C-E5059F513CCB}
	EndGlobalSection
EndGlobal